PODS:
  - Alamofire (5.2.1)
  - Kingfisher (5.14.0):
    - Kingfisher/Core (= 5.14.0)
  - Kingfisher/Core (5.14.0)
  - Moya (14.0.0):
    - Moya/Core (= 14.0.0)
  - Moya/Core (14.0.0):
    - Alamofire (~> 5.0)
  - ObjectMapper (4.2.0)
  - RevealingSplashView (0.6.0)

DEPENDENCIES:
  - Kingfisher (= 5.14.0)
  - Moya (= 14.0)
  - ObjectMapper (= 4.2.0)
  - RevealingSplashView (= 0.6.0)

SPEC REPOS:
  trunk:
    - Alamofire
    - Kingfisher
    - Moya
    - ObjectMapper
    - RevealingSplashView

SPEC CHECKSUMS:
  Alamofire: e911732990610fe89af59ac0077f923d72dc3dfd
  Kingfisher: 7b64389a43139c903ec434788344c288217c792d
  Moya: 5b45dacb75adb009f97fde91c204c1e565d31916
  ObjectMapper: 1eb41f610210777375fa806bf161dc39fb832b81
  RevealingSplashView: 40c5a770894459736acdc95655eeba0dd30ce91c

PODFILE CHECKSUM: 6b95788d3559c9906333cd1aa06cf4e31fbb618f

COCOAPODS: 1.9.3
