// !$*UTF8*$!
{
	archiveVersion = 1;
	classes = {
	};
	objectVersion = 51;
	objects = {

/* Begin PBXBuildFile section */
		8459947F24BB186C008756E3 /* AppDelegate.swift in Sources */ = {isa = PBXBuildFile; fileRef = 8459947E24BB186C008756E3 /* AppDelegate.swift */; };
		8459948124BB186C008756E3 /* SceneDelegate.swift in Sources */ = {isa = PBXBuildFile; fileRef = 8459948024BB186C008756E3 /* SceneDelegate.swift */; };
		8459948324BB186C008756E3 /* VenuesViewController.swift in Sources */ = {isa = PBXBuildFile; fileRef = 8459948224BB186C008756E3 /* VenuesViewController.swift */; };
		8459948624BB186C008756E3 /* Venues.storyboard in Resources */ = {isa = PBXBuildFile; fileRef = 8459948424BB186C008756E3 /* Venues.storyboard */; };
		8459948824BB186E008756E3 /* Assets.xcassets in Resources */ = {isa = PBXBuildFile; fileRef = 8459948724BB186E008756E3 /* Assets.xcassets */; };
		8459948B24BB186E008756E3 /* LaunchScreen.storyboard in Resources */ = {isa = PBXBuildFile; fileRef = 8459948924BB186E008756E3 /* LaunchScreen.storyboard */; };
		8459949624BB186E008756E3 /* Venues_DemoTests.swift in Sources */ = {isa = PBXBuildFile; fileRef = 8459949524BB186E008756E3 /* Venues_DemoTests.swift */; };
		DC86436218F49D26C52110D7 /* Pods_Venues_DemoTests.framework in Frameworks */ = {isa = PBXBuildFile; fileRef = 8013E4E9288B97AE744F8356 /* Pods_Venues_DemoTests.framework */; };
		FED0EAD9513B2CE2AE9E6657 /* Pods_Venues_Demo.framework in Frameworks */ = {isa = PBXBuildFile; fileRef = 012A4520DCB2F2D7CD78E30A /* Pods_Venues_Demo.framework */; };
/* End PBXBuildFile section */

/* Begin PBXContainerItemProxy section */
		8459949224BB186E008756E3 /* PBXContainerItemProxy */ = {
			isa = PBXContainerItemProxy;
			containerPortal = 8459947324BB186C008756E3 /* Project object */;
			proxyType = 1;
			remoteGlobalIDString = 8459947A24BB186C008756E3;
			remoteInfo = "Venues Demo";
		};
/* End PBXContainerItemProxy section */

/* Begin PBXFileReference section */
		012A4520DCB2F2D7CD78E30A /* Pods_Venues_Demo.framework */ = {isa = PBXFileReference; explicitFileType = wrapper.framework; includeInIndex = 0; path = Pods_Venues_Demo.framework; sourceTree = BUILT_PRODUCTS_DIR; };
		01EE7BA417B7FF7B40688649 /* Pods-Venues DemoTests.debug.xcconfig */ = {isa = PBXFileReference; includeInIndex = 1; lastKnownFileType = text.xcconfig; name = "Pods-Venues DemoTests.debug.xcconfig"; path = "Target Support Files/Pods-Venues DemoTests/Pods-Venues DemoTests.debug.xcconfig"; sourceTree = "<group>"; };
		5DFED594901021A4C00D0779 /* Pods-Venues Demo.debug.xcconfig */ = {isa = PBXFileReference; includeInIndex = 1; lastKnownFileType = text.xcconfig; name = "Pods-Venues Demo.debug.xcconfig"; path = "Target Support Files/Pods-Venues Demo/Pods-Venues Demo.debug.xcconfig"; sourceTree = "<group>"; };
		8013E4E9288B97AE744F8356 /* Pods_Venues_DemoTests.framework */ = {isa = PBXFileReference; explicitFileType = wrapper.framework; includeInIndex = 0; path = Pods_Venues_DemoTests.framework; sourceTree = BUILT_PRODUCTS_DIR; };
		8459947B24BB186C008756E3 /* Venues Demo.app */ = {isa = PBXFileReference; explicitFileType = wrapper.application; includeInIndex = 0; path = "Venues Demo.app"; sourceTree = BUILT_PRODUCTS_DIR; };
		8459947E24BB186C008756E3 /* AppDelegate.swift */ = {isa = PBXFileReference; lastKnownFileType = sourcecode.swift; path = AppDelegate.swift; sourceTree = "<group>"; };
		8459948024BB186C008756E3 /* SceneDelegate.swift */ = {isa = PBXFileReference; lastKnownFileType = sourcecode.swift; path = SceneDelegate.swift; sourceTree = "<group>"; };
		8459948224BB186C008756E3 /* VenuesViewController.swift */ = {isa = PBXFileReference; lastKnownFileType = sourcecode.swift; path = VenuesViewController.swift; sourceTree = "<group>"; };
		8459948524BB186C008756E3 /* Base */ = {isa = PBXFileReference; lastKnownFileType = file.storyboard; name = Base; path = Base.lproj/Venues.storyboard; sourceTree = "<group>"; };
		8459948724BB186E008756E3 /* Assets.xcassets */ = {isa = PBXFileReference; lastKnownFileType = folder.assetcatalog; path = Assets.xcassets; sourceTree = "<group>"; };
		8459948A24BB186E008756E3 /* Base */ = {isa = PBXFileReference; lastKnownFileType = file.storyboard; name = Base; path = Base.lproj/LaunchScreen.storyboard; sourceTree = "<group>"; };
		8459948C24BB186E008756E3 /* Info.plist */ = {isa = PBXFileReference; lastKnownFileType = text.plist.xml; path = Info.plist; sourceTree = "<group>"; };
		8459949124BB186E008756E3 /* Venues DemoTests.xctest */ = {isa = PBXFileReference; explicitFileType = wrapper.cfbundle; includeInIndex = 0; path = "Venues DemoTests.xctest"; sourceTree = BUILT_PRODUCTS_DIR; };
		8459949524BB186E008756E3 /* Venues_DemoTests.swift */ = {isa = PBXFileReference; lastKnownFileType = sourcecode.swift; path = Venues_DemoTests.swift; sourceTree = "<group>"; };
		8459949724BB186E008756E3 /* Info.plist */ = {isa = PBXFileReference; lastKnownFileType = text.plist.xml; path = Info.plist; sourceTree = "<group>"; };
		8FD9676611F7724668F8AA99 /* Pods-Venues Demo.release.xcconfig */ = {isa = PBXFileReference; includeInIndex = 1; lastKnownFileType = text.xcconfig; name = "Pods-Venues Demo.release.xcconfig"; path = "Target Support Files/Pods-Venues Demo/Pods-Venues Demo.release.xcconfig"; sourceTree = "<group>"; };
		AE554092DA71973B5FF5DB39 /* Pods-Venues DemoTests.release.xcconfig */ = {isa = PBXFileReference; includeInIndex = 1; lastKnownFileType = text.xcconfig; name = "Pods-Venues DemoTests.release.xcconfig"; path = "Target Support Files/Pods-Venues DemoTests/Pods-Venues DemoTests.release.xcconfig"; sourceTree = "<group>"; };
/* End PBXFileReference section */

/* Begin PBXFrameworksBuildPhase section */
		8459947824BB186C008756E3 /* Frameworks */ = {
			isa = PBXFrameworksBuildPhase;
			buildActionMask = 2147483647;
			files = (
				FED0EAD9513B2CE2AE9E6657 /* Pods_Venues_Demo.framework in Frameworks */,
			);
			runOnlyForDeploymentPostprocessing = 0;
		};
		8459948E24BB186E008756E3 /* Frameworks */ = {
			isa = PBXFrameworksBuildPhase;
			buildActionMask = 2147483647;
			files = (
				DC86436218F49D26C52110D7 /* Pods_Venues_DemoTests.framework in Frameworks */,
			);
			runOnlyForDeploymentPostprocessing = 0;
		};
/* End PBXFrameworksBuildPhase section */

/* Begin PBXGroup section */
		2FF893F044DB84A68554D84A /* Frameworks */ = {
			isa = PBXGroup;
			children = (
				012A4520DCB2F2D7CD78E30A /* Pods_Venues_Demo.framework */,
				8013E4E9288B97AE744F8356 /* Pods_Venues_DemoTests.framework */,
			);
			name = Frameworks;
			sourceTree = "<group>";
		};
		8459947224BB186C008756E3 = {
			isa = PBXGroup;
			children = (
				8459947D24BB186C008756E3 /* Venues Demo */,
				8459949424BB186E008756E3 /* Venues DemoTests */,
				8459947C24BB186C008756E3 /* Products */,
				B33AEB06D9F3BD8EBA09652F /* Pods */,
				2FF893F044DB84A68554D84A /* Frameworks */,
			);
			sourceTree = "<group>";
		};
		8459947C24BB186C008756E3 /* Products */ = {
			isa = PBXGroup;
			children = (
				8459947B24BB186C008756E3 /* Venues Demo.app */,
				8459949124BB186E008756E3 /* Venues DemoTests.xctest */,
			);
			name = Products;
			sourceTree = "<group>";
		};
		8459947D24BB186C008756E3 /* Venues Demo */ = {
			isa = PBXGroup;
			children = (
				8459947E24BB186C008756E3 /* AppDelegate.swift */,
				8459948024BB186C008756E3 /* SceneDelegate.swift */,
				845994A824BB1A69008756E3 /* Modules */,
				845994A924BB1B11008756E3 /* Base */,
				845994A024BB19FE008756E3 /* Assets */,
			);
			path = "Venues Demo";
			sourceTree = "<group>";
		};
		8459949424BB186E008756E3 /* Venues DemoTests */ = {
			isa = PBXGroup;
			children = (
				8459949524BB186E008756E3 /* Venues_DemoTests.swift */,
				8459949724BB186E008756E3 /* Info.plist */,
			);
			path = "Venues DemoTests";
			sourceTree = "<group>";
		};
		845994A024BB19FE008756E3 /* Assets */ = {
			isa = PBXGroup;
			children = (
				8459948724BB186E008756E3 /* Assets.xcassets */,
				8459948924BB186E008756E3 /* LaunchScreen.storyboard */,
				8459948C24BB186E008756E3 /* Info.plist */,
			);
			name = Assets;
			sourceTree = "<group>";
		};
		845994A224BB1A1C008756E3 /* Venues */ = {
			isa = PBXGroup;
			children = (
				845994A324BB1A26008756E3 /* Data Access */,
				845994A424BB1A2E008756E3 /* View Models */,
				845994A524BB1A35008756E3 /* Controllers */,
				845994A624BB1A3B008756E3 /* UI */,
			);
			path = Venues;
			sourceTree = "<group>";
		};
		845994A324BB1A26008756E3 /* Data Access */ = {
			isa = PBXGroup;
			children = (
				845994A724BB1A4A008756E3 /* Models */,
			);
			path = "Data Access";
			sourceTree = "<group>";
		};
		845994A424BB1A2E008756E3 /* View Models */ = {
			isa = PBXGroup;
			children = (
			);
			path = "View Models";
			sourceTree = "<group>";
		};
		845994A524BB1A35008756E3 /* Controllers */ = {
			isa = PBXGroup;
			children = (
				8459948224BB186C008756E3 /* VenuesViewController.swift */,
			);
			path = Controllers;
			sourceTree = "<group>";
		};
		845994A624BB1A3B008756E3 /* UI */ = {
			isa = PBXGroup;
			children = (
				8459948424BB186C008756E3 /* Venues.storyboard */,
			);
			path = UI;
			sourceTree = "<group>";
		};
		845994A724BB1A4A008756E3 /* Models */ = {
			isa = PBXGroup;
			children = (
			);
			path = Models;
			sourceTree = "<group>";
		};
		845994A824BB1A69008756E3 /* Modules */ = {
			isa = PBXGroup;
			children = (
				845994A224BB1A1C008756E3 /* Venues */,
			);
			path = Modules;
			sourceTree = "<group>";
		};
		845994A924BB1B11008756E3 /* Base */ = {
			isa = PBXGroup;
			children = (
			);
			path = Base;
			sourceTree = "<group>";
		};
		B33AEB06D9F3BD8EBA09652F /* Pods */ = {
			isa = PBXGroup;
			children = (
				5DFED594901021A4C00D0779 /* Pods-Venues Demo.debug.xcconfig */,
				8FD9676611F7724668F8AA99 /* Pods-Venues Demo.release.xcconfig */,
				01EE7BA417B7FF7B40688649 /* Pods-Venues DemoTests.debug.xcconfig */,
				AE554092DA71973B5FF5DB39 /* Pods-Venues DemoTests.release.xcconfig */,
			);
			path = Pods;
			sourceTree = "<group>";
		};
/* End PBXGroup section */

/* Begin PBXNativeTarget section */
		8459947A24BB186C008756E3 /* Venues Demo */ = {
			isa = PBXNativeTarget;
			buildConfigurationList = 8459949A24BB186E008756E3 /* Build configuration list for PBXNativeTarget "Venues Demo" */;
			buildPhases = (
				A21AB6E1D084FD42700630FB /* [CP] Check Pods Manifest.lock */,
				8459947724BB186C008756E3 /* Sources */,
				8459947824BB186C008756E3 /* Frameworks */,
				8459947924BB186C008756E3 /* Resources */,
				BC375020C77070D5952EBE33 /* [CP] Embed Pods Frameworks */,
			);
			buildRules = (
			);
			dependencies = (
			);
			name = "Venues Demo";
			productName = "Venues Demo";
			productReference = 8459947B24BB186C008756E3 /* Venues Demo.app */;
			productType = "com.apple.product-type.application";
		};
		8459949024BB186E008756E3 /* Venues DemoTests */ = {
			isa = PBXNativeTarget;
			buildConfigurationList = 8459949D24BB186E008756E3 /* Build configuration list for PBXNativeTarget "Venues DemoTests" */;
			buildPhases = (
				7B47AA4D90992B985C106D64 /* [CP] Check Pods Manifest.lock */,
				8459948D24BB186E008756E3 /* Sources */,
				8459948E24BB186E008756E3 /* Frameworks */,
				8459948F24BB186E008756E3 /* Resources */,
			);
			buildRules = (
			);
			dependencies = (
				8459949324BB186E008756E3 /* PBXTargetDependency */,
			);
			name = "Venues DemoTests";
			productName = "Venues DemoTests";
			productReference = 8459949124BB186E008756E3 /* Venues DemoTests.xctest */;
			productType = "com.apple.product-type.bundle.unit-test";
		};
/* End PBXNativeTarget section */

/* Begin PBXProject section */
		8459947324BB186C008756E3 /* Project object */ = {
			isa = PBXProject;
			attributes = {
				LastSwiftUpdateCheck = 1150;
				LastUpgradeCheck = 1150;
				ORGANIZATIONNAME = "Mohammad Shaker";
				TargetAttributes = {
					8459947A24BB186C008756E3 = {
						CreatedOnToolsVersion = 11.5;
					};
					8459949024BB186E008756E3 = {
						CreatedOnToolsVersion = 11.5;
						TestTargetID = 8459947A24BB186C008756E3;
					};
				};
			};
			buildConfigurationList = 8459947624BB186C008756E3 /* Build configuration list for PBXProject "Venues Demo" */;
			compatibilityVersion = "Xcode 9.3";
			developmentRegion = en;
			hasScannedForEncodings = 0;
			knownRegions = (
				en,
				Base,
			);
			mainGroup = 8459947224BB186C008756E3;
			productRefGroup = 8459947C24BB186C008756E3 /* Products */;
			projectDirPath = "";
			projectRoot = "";
			targets = (
				8459947A24BB186C008756E3 /* Venues Demo */,
				8459949024BB186E008756E3 /* Venues DemoTests */,
			);
		};
/* End PBXProject section */

/* Begin PBXResourcesBuildPhase section */
		8459947924BB186C008756E3 /* Resources */ = {
			isa = PBXResourcesBuildPhase;
			buildActionMask = 2147483647;
			files = (
				8459948B24BB186E008756E3 /* LaunchScreen.storyboard in Resources */,
				8459948824BB186E008756E3 /* Assets.xcassets in Resources */,
				8459948624BB186C008756E3 /* Venues.storyboard in Resources */,
			);
			runOnlyForDeploymentPostprocessing = 0;
		};
		8459948F24BB186E008756E3 /* Resources */ = {
			isa = PBXResourcesBuildPhase;
			buildActionMask = 2147483647;
			files = (
			);
			runOnlyForDeploymentPostprocessing = 0;
		};
/* End PBXResourcesBuildPhase section */

/* Begin PBXShellScriptBuildPhase section */
		7B47AA4D90992B985C106D64 /* [CP] Check Pods Manifest.lock */ = {
			isa = PBXShellScriptBuildPhase;
			buildActionMask = 2147483647;
			files = (
			);
			inputFileListPaths = (
			);
			inputPaths = (
				"${PODS_PODFILE_DIR_PATH}/Podfile.lock",
				"${PODS_ROOT}/Manifest.lock",
			);
			name = "[CP] Check Pods Manifest.lock";
			outputFileListPaths = (
			);
			outputPaths = (
				"$(DERIVED_FILE_DIR)/Pods-Venues DemoTests-checkManifestLockResult.txt",
			);
			runOnlyForDeploymentPostprocessing = 0;
			shellPath = /bin/sh;
			shellScript = "diff \"${PODS_PODFILE_DIR_PATH}/Podfile.lock\" \"${PODS_ROOT}/Manifest.lock\" > /dev/null\nif [ $? != 0 ] ; then\n    # print error to STDERR\n    echo \"error: The sandbox is not in sync with the Podfile.lock. Run 'pod install' or update your CocoaPods installation.\" >&2\n    exit 1\nfi\n# This output is used by Xcode 'outputs' to avoid re-running this script phase.\necho \"SUCCESS\" > \"${SCRIPT_OUTPUT_FILE_0}\"\n";
			showEnvVarsInLog = 0;
		};
		A21AB6E1D084FD42700630FB /* [CP] Check Pods Manifest.lock */ = {
			isa = PBXShellScriptBuildPhase;
			buildActionMask = 2147483647;
			files = (
			);
			inputFileListPaths = (
			);
			inputPaths = (
				"${PODS_PODFILE_DIR_PATH}/Podfile.lock",
				"${PODS_ROOT}/Manifest.lock",
			);
			name = "[CP] Check Pods Manifest.lock";
			outputFileListPaths = (
			);
			outputPaths = (
				"$(DERIVED_FILE_DIR)/Pods-Venues Demo-checkManifestLockResult.txt",
			);
			runOnlyForDeploymentPostprocessing = 0;
			shellPath = /bin/sh;
			shellScript = "diff \"${PODS_PODFILE_DIR_PATH}/Podfile.lock\" \"${PODS_ROOT}/Manifest.lock\" > /dev/null\nif [ $? != 0 ] ; then\n    # print error to STDERR\n    echo \"error: The sandbox is not in sync with the Podfile.lock. Run 'pod install' or update your CocoaPods installation.\" >&2\n    exit 1\nfi\n# This output is used by Xcode 'outputs' to avoid re-running this script phase.\necho \"SUCCESS\" > \"${SCRIPT_OUTPUT_FILE_0}\"\n";
			showEnvVarsInLog = 0;
		};
		BC375020C77070D5952EBE33 /* [CP] Embed Pods Frameworks */ = {
			isa = PBXShellScriptBuildPhase;
			buildActionMask = 2147483647;
			files = (
			);
			inputFileListPaths = (
				"${PODS_ROOT}/Target Support Files/Pods-Venues Demo/Pods-Venues Demo-frameworks-${CONFIGURATION}-input-files.xcfilelist",
			);
			name = "[CP] Embed Pods Frameworks";
			outputFileListPaths = (
				"${PODS_ROOT}/Target Support Files/Pods-Venues Demo/Pods-Venues Demo-frameworks-${CONFIGURATION}-output-files.xcfilelist",
			);
			runOnlyForDeploymentPostprocessing = 0;
			shellPath = /bin/sh;
			shellScript = "\"${PODS_ROOT}/Target Support Files/Pods-Venues Demo/Pods-Venues Demo-frameworks.sh\"\n";
			showEnvVarsInLog = 0;
		};
/* End PBXShellScriptBuildPhase section */

/* Begin PBXSourcesBuildPhase section */
		8459947724BB186C008756E3 /* Sources */ = {
			isa = PBXSourcesBuildPhase;
			buildActionMask = 2147483647;
			files = (
				8459948324BB186C008756E3 /* VenuesViewController.swift in Sources */,
				8459947F24BB186C008756E3 /* AppDelegate.swift in Sources */,
				8459948124BB186C008756E3 /* SceneDelegate.swift in Sources */,
			);
			runOnlyForDeploymentPostprocessing = 0;
		};
		8459948D24BB186E008756E3 /* Sources */ = {
			isa = PBXSourcesBuildPhase;
			buildActionMask = 2147483647;
			files = (
				8459949624BB186E008756E3 /* Venues_DemoTests.swift in Sources */,
			);
			runOnlyForDeploymentPostprocessing = 0;
		};
/* End PBXSourcesBuildPhase section */

/* Begin PBXTargetDependency section */
		8459949324BB186E008756E3 /* PBXTargetDependency */ = {
			isa = PBXTargetDependency;
			target = 8459947A24BB186C008756E3 /* Venues Demo */;
			targetProxy = 8459949224BB186E008756E3 /* PBXContainerItemProxy */;
		};
/* End PBXTargetDependency section */

/* Begin PBXVariantGroup section */
		8459948424BB186C008756E3 /* Venues.storyboard */ = {
			isa = PBXVariantGroup;
			children = (
				8459948524BB186C008756E3 /* Base */,
			);
			name = Venues.storyboard;
			sourceTree = "<group>";
		};
		8459948924BB186E008756E3 /* LaunchScreen.storyboard */ = {
			isa = PBXVariantGroup;
			children = (
				8459948A24BB186E008756E3 /* Base */,
			);
			name = LaunchScreen.storyboard;
			sourceTree = "<group>";
		};
/* End PBXVariantGroup section */

/* Begin XCBuildConfiguration section */
		8459949824BB186E008756E3 /* Debug */ = {
			isa = XCBuildConfiguration;
			buildSettings = {
				ALWAYS_SEARCH_USER_PATHS = NO;
				CLANG_ANALYZER_NONNULL = YES;
				CLANG_ANALYZER_NUMBER_OBJECT_CONVERSION = YES_AGGRESSIVE;
				CLANG_CXX_LANGUAGE_STANDARD = "gnu++14";
				CLANG_CXX_LIBRARY = "libc++";
				CLANG_ENABLE_MODULES = YES;
				CLANG_ENABLE_OBJC_ARC = YES;
				CLANG_ENABLE_OBJC_WEAK = YES;
				CLANG_WARN_BLOCK_CAPTURE_AUTORELEASING = YES;
				CLANG_WARN_BOOL_CONVERSION = YES;
				CLANG_WARN_COMMA = YES;
				CLANG_WARN_CONSTANT_CONVERSION = YES;
				CLANG_WARN_DEPRECATED_OBJC_IMPLEMENTATIONS = YES;
				CLANG_WARN_DIRECT_OBJC_ISA_USAGE = YES_ERROR;
				CLANG_WARN_DOCUMENTATION_COMMENTS = YES;
				CLANG_WARN_EMPTY_BODY = YES;
				CLANG_WARN_ENUM_CONVERSION = YES;
				CLANG_WARN_INFINITE_RECURSION = YES;
				CLANG_WARN_INT_CONVERSION = YES;
				CLANG_WARN_NON_LITERAL_NULL_CONVERSION = YES;
				CLANG_WARN_OBJC_IMPLICIT_RETAIN_SELF = YES;
				CLANG_WARN_OBJC_LITERAL_CONVERSION = YES;
				CLANG_WARN_OBJC_ROOT_CLASS = YES_ERROR;
				CLANG_WARN_RANGE_LOOP_ANALYSIS = YES;
				CLANG_WARN_STRICT_PROTOTYPES = YES;
				CLANG_WARN_SUSPICIOUS_MOVE = YES;
				CLANG_WARN_UNGUARDED_AVAILABILITY = YES_AGGRESSIVE;
				CLANG_WARN_UNREACHABLE_CODE = YES;
				CLANG_WARN__DUPLICATE_METHOD_MATCH = YES;
				COPY_PHASE_STRIP = NO;
				DEBUG_INFORMATION_FORMAT = dwarf;
				ENABLE_STRICT_OBJC_MSGSEND = YES;
				ENABLE_TESTABILITY = YES;
				GCC_C_LANGUAGE_STANDARD = gnu11;
				GCC_DYNAMIC_NO_PIC = NO;
				GCC_NO_COMMON_BLOCKS = YES;
				GCC_OPTIMIZATION_LEVEL = 0;
				GCC_PREPROCESSOR_DEFINITIONS = (
					"DEBUG=1",
					"$(inherited)",
				);
				GCC_WARN_64_TO_32_BIT_CONVERSION = YES;
				GCC_WARN_ABOUT_RETURN_TYPE = YES_ERROR;
				GCC_WARN_UNDECLARED_SELECTOR = YES;
				GCC_WARN_UNINITIALIZED_AUTOS = YES_AGGRESSIVE;
				GCC_WARN_UNUSED_FUNCTION = YES;
				GCC_WARN_UNUSED_VARIABLE = YES;
				IPHONEOS_DEPLOYMENT_TARGET = 13.5;
				MTL_ENABLE_DEBUG_INFO = INCLUDE_SOURCE;
				MTL_FAST_MATH = YES;
				ONLY_ACTIVE_ARCH = YES;
				SDKROOT = iphoneos;
				SWIFT_ACTIVE_COMPILATION_CONDITIONS = DEBUG;
				SWIFT_OPTIMIZATION_LEVEL = "-Onone";
			};
			name = Debug;
		};
		8459949924BB186E008756E3 /* Release */ = {
			isa = XCBuildConfiguration;
			buildSettings = {
				ALWAYS_SEARCH_USER_PATHS = NO;
				CLANG_ANALYZER_NONNULL = YES;
				CLANG_ANALYZER_NUMBER_OBJECT_CONVERSION = YES_AGGRESSIVE;
				CLANG_CXX_LANGUAGE_STANDARD = "gnu++14";
				CLANG_CXX_LIBRARY = "libc++";
				CLANG_ENABLE_MODULES = YES;
				CLANG_ENABLE_OBJC_ARC = YES;
				CLANG_ENABLE_OBJC_WEAK = YES;
				CLANG_WARN_BLOCK_CAPTURE_AUTORELEASING = YES;
				CLANG_WARN_BOOL_CONVERSION = YES;
				CLANG_WARN_COMMA = YES;
				CLANG_WARN_CONSTANT_CONVERSION = YES;
				CLANG_WARN_DEPRECATED_OBJC_IMPLEMENTATIONS = YES;
				CLANG_WARN_DIRECT_OBJC_ISA_USAGE = YES_ERROR;
				CLANG_WARN_DOCUMENTATION_COMMENTS = YES;
				CLANG_WARN_EMPTY_BODY = YES;
				CLANG_WARN_ENUM_CONVERSION = YES;
				CLANG_WARN_INFINITE_RECURSION = YES;
				CLANG_WARN_INT_CONVERSION = YES;
				CLANG_WARN_NON_LITERAL_NULL_CONVERSION = YES;
				CLANG_WARN_OBJC_IMPLICIT_RETAIN_SELF = YES;
				CLANG_WARN_OBJC_LITERAL_CONVERSION = YES;
				CLANG_WARN_OBJC_ROOT_CLASS = YES_ERROR;
				CLANG_WARN_RANGE_LOOP_ANALYSIS = YES;
				CLANG_WARN_STRICT_PROTOTYPES = YES;
				CLANG_WARN_SUSPICIOUS_MOVE = YES;
				CLANG_WARN_UNGUARDED_AVAILABILITY = YES_AGGRESSIVE;
				CLANG_WARN_UNREACHABLE_CODE = YES;
				CLANG_WARN__DUPLICATE_METHOD_MATCH = YES;
				COPY_PHASE_STRIP = NO;
				DEBUG_INFORMATION_FORMAT = "dwarf-with-dsym";
				ENABLE_NS_ASSERTIONS = NO;
				ENABLE_STRICT_OBJC_MSGSEND = YES;
				GCC_C_LANGUAGE_STANDARD = gnu11;
				GCC_NO_COMMON_BLOCKS = YES;
				GCC_WARN_64_TO_32_BIT_CONVERSION = YES;
				GCC_WARN_ABOUT_RETURN_TYPE = YES_ERROR;
				GCC_WARN_UNDECLARED_SELECTOR = YES;
				GCC_WARN_UNINITIALIZED_AUTOS = YES_AGGRESSIVE;
				GCC_WARN_UNUSED_FUNCTION = YES;
				GCC_WARN_UNUSED_VARIABLE = YES;
				IPHONEOS_DEPLOYMENT_TARGET = 13.5;
				MTL_ENABLE_DEBUG_INFO = NO;
				MTL_FAST_MATH = YES;
				SDKROOT = iphoneos;
				SWIFT_COMPILATION_MODE = wholemodule;
				SWIFT_OPTIMIZATION_LEVEL = "-O";
				VALIDATE_PRODUCT = YES;
			};
			name = Release;
		};
		8459949B24BB186E008756E3 /* Debug */ = {
			isa = XCBuildConfiguration;
			baseConfigurationReference = 5DFED594901021A4C00D0779 /* Pods-Venues Demo.debug.xcconfig */;
			buildSettings = {
				ASSETCATALOG_COMPILER_APPICON_NAME = AppIcon;
				CODE_SIGN_STYLE = Automatic;
				INFOPLIST_FILE = "Venues Demo/Info.plist";
				LD_RUNPATH_SEARCH_PATHS = (
					"$(inherited)",
					"@executable_path/Frameworks",
				);
				PRODUCT_BUNDLE_IDENTIFIER = "MSM.Venues-Demo";
				PRODUCT_NAME = "$(TARGET_NAME)";
				SWIFT_VERSION = 5.0;
				TARGETED_DEVICE_FAMILY = "1,2";
			};
			name = Debug;
		};
		8459949C24BB186E008756E3 /* Release */ = {
			isa = XCBuildConfiguration;
			baseConfigurationReference = 8FD9676611F7724668F8AA99 /* Pods-Venues Demo.release.xcconfig */;
			buildSettings = {
				ASSETCATALOG_COMPILER_APPICON_NAME = AppIcon;
				CODE_SIGN_STYLE = Automatic;
				INFOPLIST_FILE = "Venues Demo/Info.plist";
				LD_RUNPATH_SEARCH_PATHS = (
					"$(inherited)",
					"@executable_path/Frameworks",
				);
				PRODUCT_BUNDLE_IDENTIFIER = "MSM.Venues-Demo";
				PRODUCT_NAME = "$(TARGET_NAME)";
				SWIFT_VERSION = 5.0;
				TARGETED_DEVICE_FAMILY = "1,2";
			};
			name = Release;
		};
		8459949E24BB186E008756E3 /* Debug */ = {
			isa = XCBuildConfiguration;
			baseConfigurationReference = 01EE7BA417B7FF7B40688649 /* Pods-Venues DemoTests.debug.xcconfig */;
			buildSettings = {
				ALWAYS_EMBED_SWIFT_STANDARD_LIBRARIES = YES;
				BUNDLE_LOADER = "$(TEST_HOST)";
				CODE_SIGN_STYLE = Automatic;
				INFOPLIST_FILE = "Venues DemoTests/Info.plist";
				IPHONEOS_DEPLOYMENT_TARGET = 13.5;
				LD_RUNPATH_SEARCH_PATHS = (
					"$(inherited)",
					"@executable_path/Frameworks",
					"@loader_path/Frameworks",
				);
				PRODUCT_BUNDLE_IDENTIFIER = "MSM.Venues-DemoTests";
				PRODUCT_NAME = "$(TARGET_NAME)";
				SWIFT_VERSION = 5.0;
				TARGETED_DEVICE_FAMILY = "1,2";
				TEST_HOST = "$(BUILT_PRODUCTS_DIR)/Venues Demo.app/Venues Demo";
			};
			name = Debug;
		};
		8459949F24BB186E008756E3 /* Release */ = {
			isa = XCBuildConfiguration;
			baseConfigurationReference = AE554092DA71973B5FF5DB39 /* Pods-Venues DemoTests.release.xcconfig */;
			buildSettings = {
				ALWAYS_EMBED_SWIFT_STANDARD_LIBRARIES = YES;
				BUNDLE_LOADER = "$(TEST_HOST)";
				CODE_SIGN_STYLE = Automatic;
				INFOPLIST_FILE = "Venues DemoTests/Info.plist";
				IPHONEOS_DEPLOYMENT_TARGET = 13.5;
				LD_RUNPATH_SEARCH_PATHS = (
					"$(inherited)",
					"@executable_path/Frameworks",
					"@loader_path/Frameworks",
				);
				PRODUCT_BUNDLE_IDENTIFIER = "MSM.Venues-DemoTests";
				PRODUCT_NAME = "$(TARGET_NAME)";
				SWIFT_VERSION = 5.0;
				TARGETED_DEVICE_FAMILY = "1,2";
				TEST_HOST = "$(BUILT_PRODUCTS_DIR)/Venues Demo.app/Venues Demo";
			};
			name = Release;
		};
/* End XCBuildConfiguration section */

/* Begin XCConfigurationList section */
		8459947624BB186C008756E3 /* Build configuration list for PBXProject "Venues Demo" */ = {
			isa = XCConfigurationList;
			buildConfigurations = (
				8459949824BB186E008756E3 /* Debug */,
				8459949924BB186E008756E3 /* Release */,
			);
			defaultConfigurationIsVisible = 0;
			defaultConfigurationName = Release;
		};
		8459949A24BB186E008756E3 /* Build configuration list for PBXNativeTarget "Venues Demo" */ = {
			isa = XCConfigurationList;
			buildConfigurations = (
				8459949B24BB186E008756E3 /* Debug */,
				8459949C24BB186E008756E3 /* Release */,
			);
			defaultConfigurationIsVisible = 0;
			defaultConfigurationName = Release;
		};
		8459949D24BB186E008756E3 /* Build configuration list for PBXNativeTarget "Venues DemoTests" */ = {
			isa = XCConfigurationList;
			buildConfigurations = (
				8459949E24BB186E008756E3 /* Debug */,
				8459949F24BB186E008756E3 /* Release */,
			);
			defaultConfigurationIsVisible = 0;
			defaultConfigurationName = Release;
		};
/* End XCConfigurationList section */
	};
	rootObject = 8459947324BB186C008756E3 /* Project object */;
}
